
Microsoft Visual Studio Solution File, Format Version 12.00
# Visual Studio Version 17
VisualStudioVersion = 17.2.32602.215
MinimumVisualStudioVersion = 10.0.40219.1
Project("{FAE04EC0-301F-11D3-BF4B-00C04F79EFBC}") = "DylansShoeShop", "DylansShoeShop\DylansShoeShop.csproj", "{69971F45-1865-4FA6-95A0-EE290BF642D1}"
EndProject
Global
	GlobalSection(SolutionConfigurationPlatforms) = preSolution
		Debug|Any CPU = Debug|Any CPU
		Release|Any CPU = Release|Any CPU
	EndGlobalSection
	GlobalSection(ProjectConfigurationPlatforms) = postSolution
		{69971F45-1865-4FA6-95A0-EE290BF642D1}.Debug|Any CPU.ActiveCfg = Debug|Any CPU
		{69971F45-1865-4FA6-95A0-EE290BF642D1}.Debug|Any CPU.Build.0 = Debug|Any CPU
		{69971F45-1865-4FA6-95A0-EE290BF642D1}.Release|Any CPU.ActiveCfg = Release|Any CPU
		{69971F45-1865-4FA6-95A0-EE290BF642D1}.Release|Any CPU.Build.0 = Release|Any CPU
	EndGlobalSection
	GlobalSection(SolutionProperties) = preSolution
		HideSolutionNode = FALSE
	EndGlobalSection
	GlobalSection(ExtensibilityGlobals) = postSolution
		SolutionGuid = {AA75D0B3-B758-4395-A682-7D5C3CC6C400}
	EndGlobalSection
EndGlobal
