
Microsoft Visual Studio Solution File, Format Version 12.00
# Visual Studio Version 17
VisualStudioVersion = 17.6.33723.286
MinimumVisualStudioVersion = 10.0.40219.1
Project("{FAE04EC0-301F-11D3-BF4B-00C04F79EFBC}") = "DylanClassTest", "DylanClassTest\DylanClassTest.csproj", "{520A6EF8-12AB-4CF9-96C2-24E705631275}"
EndProject
Global
	GlobalSection(SolutionConfigurationPlatforms) = preSolution
		Debug|Any CPU = Debug|Any CPU
		Release|Any CPU = Release|Any CPU
	EndGlobalSection
	GlobalSection(ProjectConfigurationPlatforms) = postSolution
		{520A6EF8-12AB-4CF9-96C2-24E705631275}.Debug|Any CPU.ActiveCfg = Debug|Any CPU
		{520A6EF8-12AB-4CF9-96C2-24E705631275}.Debug|Any CPU.Build.0 = Debug|Any CPU
		{520A6EF8-12AB-4CF9-96C2-24E705631275}.Release|Any CPU.ActiveCfg = Release|Any CPU
		{520A6EF8-12AB-4CF9-96C2-24E705631275}.Release|Any CPU.Build.0 = Release|Any CPU
	EndGlobalSection
	GlobalSection(SolutionProperties) = preSolution
		HideSolutionNode = FALSE
	EndGlobalSection
	GlobalSection(ExtensibilityGlobals) = postSolution
		SolutionGuid = {E90313E4-88BA-4223-861A-797EBFD21C92}
	EndGlobalSection
EndGlobal
